
Microsoft Visual Studio Solution File, Format Version 12.00
# Visual Studio Version 16
VisualStudioVersion = 16.0.30320.27
MinimumVisualStudioVersion = 10.0.40219.1
Project("{FAE04EC0-301F-11D3-BF4B-00C04F79EFBC}") = "Dinonames.Client", "src\Dinonames.Client\Dinonames.Client.csproj", "{1D153A4B-305D-41B0-8CA5-98CE8575350F}"
EndProject
Project("{FAE04EC0-301F-11D3-BF4B-00C04F79EFBC}") = "Prueba", "src\Prueba\Prueba.csproj", "{DEF66C8E-8973-4FAE-A184-461E0BA3BA27}"
EndProject
Global
	GlobalSection(SolutionConfigurationPlatforms) = preSolution
		Debug|Any CPU = Debug|Any CPU
		Release|Any CPU = Release|Any CPU
	EndGlobalSection
	GlobalSection(ProjectConfigurationPlatforms) = postSolution
		{1D153A4B-305D-41B0-8CA5-98CE8575350F}.Debug|Any CPU.ActiveCfg = Debug|Any CPU
		{1D153A4B-305D-41B0-8CA5-98CE8575350F}.Debug|Any CPU.Build.0 = Debug|Any CPU
		{1D153A4B-305D-41B0-8CA5-98CE8575350F}.Release|Any CPU.ActiveCfg = Release|Any CPU
		{1D153A4B-305D-41B0-8CA5-98CE8575350F}.Release|Any CPU.Build.0 = Release|Any CPU
		{DEF66C8E-8973-4FAE-A184-461E0BA3BA27}.Debug|Any CPU.ActiveCfg = Debug|Any CPU
		{DEF66C8E-8973-4FAE-A184-461E0BA3BA27}.Debug|Any CPU.Build.0 = Debug|Any CPU
		{DEF66C8E-8973-4FAE-A184-461E0BA3BA27}.Release|Any CPU.ActiveCfg = Release|Any CPU
		{DEF66C8E-8973-4FAE-A184-461E0BA3BA27}.Release|Any CPU.Build.0 = Release|Any CPU
	EndGlobalSection
	GlobalSection(SolutionProperties) = preSolution
		HideSolutionNode = FALSE
	EndGlobalSection
	GlobalSection(ExtensibilityGlobals) = postSolution
		SolutionGuid = {6BD68446-3920-4033-99EB-34E284415EA1}
	EndGlobalSection
EndGlobal
